// !$*UTF8*$!
{
	archiveVersion = 1;
	classes = {
	};
	objectVersion = 50;
	objects = {

/* Begin PBXBuildFile section */
		A95F90132515B94D00A73E40 /* AppDelegate.swift in Sources */ = {isa = PBXBuildFile; fileRef = A95F90122515B94D00A73E40 /* AppDelegate.swift */; };
		A95F90152515B94D00A73E40 /* SceneDelegate.swift in Sources */ = {isa = PBXBuildFile; fileRef = A95F90142515B94D00A73E40 /* SceneDelegate.swift */; };
		A95F90172515B94D00A73E40 /* ViewController.swift in Sources */ = {isa = PBXBuildFile; fileRef = A95F90162515B94D00A73E40 /* ViewController.swift */; };
		A95F901A2515B94D00A73E40 /* Main.storyboard in Resources */ = {isa = PBXBuildFile; fileRef = A95F90182515B94D00A73E40 /* Main.storyboard */; };
		A95F901C2515B94E00A73E40 /* Assets.xcassets in Resources */ = {isa = PBXBuildFile; fileRef = A95F901B2515B94E00A73E40 /* Assets.xcassets */; };
		A95F901F2515B94E00A73E40 /* LaunchScreen.storyboard in Resources */ = {isa = PBXBuildFile; fileRef = A95F901D2515B94E00A73E40 /* LaunchScreen.storyboard */; };
		A95F902A2515B94E00A73E40 /* PackPlannerTests.swift in Sources */ = {isa = PBXBuildFile; fileRef = A95F90292515B94E00A73E40 /* PackPlannerTests.swift */; };
		A95F90352515B94E00A73E40 /* PackPlannerUITests.swift in Sources */ = {isa = PBXBuildFile; fileRef = A95F90342515B94E00A73E40 /* PackPlannerUITests.swift */; };
/* End PBXBuildFile section */

/* Begin PBXContainerItemProxy section */
		A95F90262515B94E00A73E40 /* PBXContainerItemProxy */ = {
			isa = PBXContainerItemProxy;
			containerPortal = A95F90072515B94D00A73E40 /* Project object */;
			proxyType = 1;
			remoteGlobalIDString = A95F900E2515B94D00A73E40;
			remoteInfo = PackPlanner;
		};
		A95F90312515B94E00A73E40 /* PBXContainerItemProxy */ = {
			isa = PBXContainerItemProxy;
			containerPortal = A95F90072515B94D00A73E40 /* Project object */;
			proxyType = 1;
			remoteGlobalIDString = A95F900E2515B94D00A73E40;
			remoteInfo = PackPlanner;
		};
/* End PBXContainerItemProxy section */

/* Begin PBXFileReference section */
		A95F900F2515B94D00A73E40 /* PackPlanner.app */ = {isa = PBXFileReference; explicitFileType = wrapper.application; includeInIndex = 0; path = PackPlanner.app; sourceTree = BUILT_PRODUCTS_DIR; };
		A95F90122515B94D00A73E40 /* AppDelegate.swift */ = {isa = PBXFileReference; lastKnownFileType = sourcecode.swift; path = AppDelegate.swift; sourceTree = "<group>"; };
		A95F90142515B94D00A73E40 /* SceneDelegate.swift */ = {isa = PBXFileReference; lastKnownFileType = sourcecode.swift; path = SceneDelegate.swift; sourceTree = "<group>"; };
		A95F90162515B94D00A73E40 /* ViewController.swift */ = {isa = PBXFileReference; lastKnownFileType = sourcecode.swift; path = ViewController.swift; sourceTree = "<group>"; };
		A95F90192515B94D00A73E40 /* Base */ = {isa = PBXFileReference; lastKnownFileType = file.storyboard; name = Base; path = Base.lproj/Main.storyboard; sourceTree = "<group>"; };
		A95F901B2515B94E00A73E40 /* Assets.xcassets */ = {isa = PBXFileReference; lastKnownFileType = folder.assetcatalog; path = Assets.xcassets; sourceTree = "<group>"; };
		A95F901E2515B94E00A73E40 /* Base */ = {isa = PBXFileReference; lastKnownFileType = file.storyboard; name = Base; path = Base.lproj/LaunchScreen.storyboard; sourceTree = "<group>"; };
		A95F90202515B94E00A73E40 /* Info.plist */ = {isa = PBXFileReference; lastKnownFileType = text.plist.xml; path = Info.plist; sourceTree = "<group>"; };
		A95F90252515B94E00A73E40 /* PackPlannerTests.xctest */ = {isa = PBXFileReference; explicitFileType = wrapper.cfbundle; includeInIndex = 0; path = PackPlannerTests.xctest; sourceTree = BUILT_PRODUCTS_DIR; };
		A95F90292515B94E00A73E40 /* PackPlannerTests.swift */ = {isa = PBXFileReference; lastKnownFileType = sourcecode.swift; path = PackPlannerTests.swift; sourceTree = "<group>"; };
		A95F902B2515B94E00A73E40 /* Info.plist */ = {isa = PBXFileReference; lastKnownFileType = text.plist.xml; path = Info.plist; sourceTree = "<group>"; };
		A95F90302515B94E00A73E40 /* PackPlannerUITests.xctest */ = {isa = PBXFileReference; explicitFileType = wrapper.cfbundle; includeInIndex = 0; path = PackPlannerUITests.xctest; sourceTree = BUILT_PRODUCTS_DIR; };
		A95F90342515B94E00A73E40 /* PackPlannerUITests.swift */ = {isa = PBXFileReference; lastKnownFileType = sourcecode.swift; path = PackPlannerUITests.swift; sourceTree = "<group>"; };
		A95F90362515B94E00A73E40 /* Info.plist */ = {isa = PBXFileReference; lastKnownFileType = text.plist.xml; path = Info.plist; sourceTree = "<group>"; };
/* End PBXFileReference section */

/* Begin PBXFrameworksBuildPhase section */
		A95F900C2515B94D00A73E40 /* Frameworks */ = {
			isa = PBXFrameworksBuildPhase;
			buildActionMask = 2147483647;
			files = (
			);
			runOnlyForDeploymentPostprocessing = 0;
		};
		A95F90222515B94E00A73E40 /* Frameworks */ = {
			isa = PBXFrameworksBuildPhase;
			buildActionMask = 2147483647;
			files = (
			);
			runOnlyForDeploymentPostprocessing = 0;
		};
		A95F902D2515B94E00A73E40 /* Frameworks */ = {
			isa = PBXFrameworksBuildPhase;
			buildActionMask = 2147483647;
			files = (
			);
			runOnlyForDeploymentPostprocessing = 0;
		};
/* End PBXFrameworksBuildPhase section */

/* Begin PBXGroup section */
		A95F90062515B94D00A73E40 = {
			isa = PBXGroup;
			children = (
				A95F90112515B94D00A73E40 /* PackPlanner */,
				A95F90282515B94E00A73E40 /* PackPlannerTests */,
				A95F90332515B94E00A73E40 /* PackPlannerUITests */,
				A95F90102515B94D00A73E40 /* Products */,
			);
			sourceTree = "<group>";
		};
		A95F90102515B94D00A73E40 /* Products */ = {
			isa = PBXGroup;
			children = (
				A95F900F2515B94D00A73E40 /* PackPlanner.app */,
				A95F90252515B94E00A73E40 /* PackPlannerTests.xctest */,
				A95F90302515B94E00A73E40 /* PackPlannerUITests.xctest */,
			);
			name = Products;
			sourceTree = "<group>";
		};
		A95F90112515B94D00A73E40 /* PackPlanner */ = {
			isa = PBXGroup;
			children = (
				A95F90122515B94D00A73E40 /* AppDelegate.swift */,
				A95F90142515B94D00A73E40 /* SceneDelegate.swift */,
				A95F90162515B94D00A73E40 /* ViewController.swift */,
				A95F90182515B94D00A73E40 /* Main.storyboard */,
				A95F901B2515B94E00A73E40 /* Assets.xcassets */,
				A95F901D2515B94E00A73E40 /* LaunchScreen.storyboard */,
				A95F90202515B94E00A73E40 /* Info.plist */,
			);
			path = PackPlanner;
			sourceTree = "<group>";
		};
		A95F90282515B94E00A73E40 /* PackPlannerTests */ = {
			isa = PBXGroup;
			children = (
				A95F90292515B94E00A73E40 /* PackPlannerTests.swift */,
				A95F902B2515B94E00A73E40 /* Info.plist */,
			);
			path = PackPlannerTests;
			sourceTree = "<group>";
		};
		A95F90332515B94E00A73E40 /* PackPlannerUITests */ = {
			isa = PBXGroup;
			children = (
				A95F90342515B94E00A73E40 /* PackPlannerUITests.swift */,
				A95F90362515B94E00A73E40 /* Info.plist */,
			);
			path = PackPlannerUITests;
			sourceTree = "<group>";
		};
/* End PBXGroup section */

/* Begin PBXNativeTarget section */
		A95F900E2515B94D00A73E40 /* PackPlanner */ = {
			isa = PBXNativeTarget;
			buildConfigurationList = A95F90392515B94E00A73E40 /* Build configuration list for PBXNativeTarget "PackPlanner" */;
			buildPhases = (
				A95F900B2515B94D00A73E40 /* Sources */,
				A95F900C2515B94D00A73E40 /* Frameworks */,
				A95F900D2515B94D00A73E40 /* Resources */,
			);
			buildRules = (
			);
			dependencies = (
			);
			name = PackPlanner;
			productName = PackPlanner;
			productReference = A95F900F2515B94D00A73E40 /* PackPlanner.app */;
			productType = "com.apple.product-type.application";
		};
		A95F90242515B94E00A73E40 /* PackPlannerTests */ = {
			isa = PBXNativeTarget;
			buildConfigurationList = A95F903C2515B94E00A73E40 /* Build configuration list for PBXNativeTarget "PackPlannerTests" */;
			buildPhases = (
				A95F90212515B94E00A73E40 /* Sources */,
				A95F90222515B94E00A73E40 /* Frameworks */,
				A95F90232515B94E00A73E40 /* Resources */,
			);
			buildRules = (
			);
			dependencies = (
				A95F90272515B94E00A73E40 /* PBXTargetDependency */,
			);
			name = PackPlannerTests;
			productName = PackPlannerTests;
			productReference = A95F90252515B94E00A73E40 /* PackPlannerTests.xctest */;
			productType = "com.apple.product-type.bundle.unit-test";
		};
		A95F902F2515B94E00A73E40 /* PackPlannerUITests */ = {
			isa = PBXNativeTarget;
			buildConfigurationList = A95F903F2515B94E00A73E40 /* Build configuration list for PBXNativeTarget "PackPlannerUITests" */;
			buildPhases = (
				A95F902C2515B94E00A73E40 /* Sources */,
				A95F902D2515B94E00A73E40 /* Frameworks */,
				A95F902E2515B94E00A73E40 /* Resources */,
			);
			buildRules = (
			);
			dependencies = (
				A95F90322515B94E00A73E40 /* PBXTargetDependency */,
			);
			name = PackPlannerUITests;
			productName = PackPlannerUITests;
			productReference = A95F90302515B94E00A73E40 /* PackPlannerUITests.xctest */;
			productType = "com.apple.product-type.bundle.ui-testing";
		};
/* End PBXNativeTarget section */

/* Begin PBXProject section */
		A95F90072515B94D00A73E40 /* Project object */ = {
			isa = PBXProject;
			attributes = {
				LastSwiftUpdateCheck = 1200;
				LastUpgradeCheck = 1200;
				TargetAttributes = {
					A95F900E2515B94D00A73E40 = {
						CreatedOnToolsVersion = 12.0;
					};
					A95F90242515B94E00A73E40 = {
						CreatedOnToolsVersion = 12.0;
						TestTargetID = A95F900E2515B94D00A73E40;
					};
					A95F902F2515B94E00A73E40 = {
						CreatedOnToolsVersion = 12.0;
						TestTargetID = A95F900E2515B94D00A73E40;
					};
				};
			};
			buildConfigurationList = A95F900A2515B94D00A73E40 /* Build configuration list for PBXProject "PackPlanner" */;
			compatibilityVersion = "Xcode 9.3";
			developmentRegion = en;
			hasScannedForEncodings = 0;
			knownRegions = (
				en,
				Base,
			);
			mainGroup = A95F90062515B94D00A73E40;
			productRefGroup = A95F90102515B94D00A73E40 /* Products */;
			projectDirPath = "";
			projectRoot = "";
			targets = (
				A95F900E2515B94D00A73E40 /* PackPlanner */,
				A95F90242515B94E00A73E40 /* PackPlannerTests */,
				A95F902F2515B94E00A73E40 /* PackPlannerUITests */,
			);
		};
/* End PBXProject section */

/* Begin PBXResourcesBuildPhase section */
		A95F900D2515B94D00A73E40 /* Resources */ = {
			isa = PBXResourcesBuildPhase;
			buildActionMask = 2147483647;
			files = (
				A95F901F2515B94E00A73E40 /* LaunchScreen.storyboard in Resources */,
				A95F901C2515B94E00A73E40 /* Assets.xcassets in Resources */,
				A95F901A2515B94D00A73E40 /* Main.storyboard in Resources */,
			);
			runOnlyForDeploymentPostprocessing = 0;
		};
		A95F90232515B94E00A73E40 /* Resources */ = {
			isa = PBXResourcesBuildPhase;
			buildActionMask = 2147483647;
			files = (
			);
			runOnlyForDeploymentPostprocessing = 0;
		};
		A95F902E2515B94E00A73E40 /* Resources */ = {
			isa = PBXResourcesBuildPhase;
			buildActionMask = 2147483647;
			files = (
			);
			runOnlyForDeploymentPostprocessing = 0;
		};
/* End PBXResourcesBuildPhase section */

/* Begin PBXSourcesBuildPhase section */
		A95F900B2515B94D00A73E40 /* Sources */ = {
			isa = PBXSourcesBuildPhase;
			buildActionMask = 2147483647;
			files = (
				A95F90172515B94D00A73E40 /* ViewController.swift in Sources */,
				A95F90132515B94D00A73E40 /* AppDelegate.swift in Sources */,
				A95F90152515B94D00A73E40 /* SceneDelegate.swift in Sources */,
			);
			runOnlyForDeploymentPostprocessing = 0;
		};
		A95F90212515B94E00A73E40 /* Sources */ = {
			isa = PBXSourcesBuildPhase;
			buildActionMask = 2147483647;
			files = (
				A95F902A2515B94E00A73E40 /* PackPlannerTests.swift in Sources */,
			);
			runOnlyForDeploymentPostprocessing = 0;
		};
		A95F902C2515B94E00A73E40 /* Sources */ = {
			isa = PBXSourcesBuildPhase;
			buildActionMask = 2147483647;
			files = (
				A95F90352515B94E00A73E40 /* PackPlannerUITests.swift in Sources */,
			);
			runOnlyForDeploymentPostprocessing = 0;
		};
/* End PBXSourcesBuildPhase section */

/* Begin PBXTargetDependency section */
		A95F90272515B94E00A73E40 /* PBXTargetDependency */ = {
			isa = PBXTargetDependency;
			target = A95F900E2515B94D00A73E40 /* PackPlanner */;
			targetProxy = A95F90262515B94E00A73E40 /* PBXContainerItemProxy */;
		};
		A95F90322515B94E00A73E40 /* PBXTargetDependency */ = {
			isa = PBXTargetDependency;
			target = A95F900E2515B94D00A73E40 /* PackPlanner */;
			targetProxy = A95F90312515B94E00A73E40 /* PBXContainerItemProxy */;
		};
/* End PBXTargetDependency section */

/* Begin PBXVariantGroup section */
		A95F90182515B94D00A73E40 /* Main.storyboard */ = {
			isa = PBXVariantGroup;
			children = (
				A95F90192515B94D00A73E40 /* Base */,
			);
			name = Main.storyboard;
			sourceTree = "<group>";
		};
		A95F901D2515B94E00A73E40 /* LaunchScreen.storyboard */ = {
			isa = PBXVariantGroup;
			children = (
				A95F901E2515B94E00A73E40 /* Base */,
			);
			name = LaunchScreen.storyboard;
			sourceTree = "<group>";
		};
/* End PBXVariantGroup section */

/* Begin XCBuildConfiguration section */
		A95F90372515B94E00A73E40 /* Debug */ = {
			isa = XCBuildConfiguration;
			buildSettings = {
				ALWAYS_SEARCH_USER_PATHS = NO;
				CLANG_ANALYZER_NONNULL = YES;
				CLANG_ANALYZER_NUMBER_OBJECT_CONVERSION = YES_AGGRESSIVE;
				CLANG_CXX_LANGUAGE_STANDARD = "gnu++14";
				CLANG_CXX_LIBRARY = "libc++";
				CLANG_ENABLE_MODULES = YES;
				CLANG_ENABLE_OBJC_ARC = YES;
				CLANG_ENABLE_OBJC_WEAK = YES;
				CLANG_WARN_BLOCK_CAPTURE_AUTORELEASING = YES;
				CLANG_WARN_BOOL_CONVERSION = YES;
				CLANG_WARN_COMMA = YES;
				CLANG_WARN_CONSTANT_CONVERSION = YES;
				CLANG_WARN_DEPRECATED_OBJC_IMPLEMENTATIONS = YES;
				CLANG_WARN_DIRECT_OBJC_ISA_USAGE = YES_ERROR;
				CLANG_WARN_DOCUMENTATION_COMMENTS = YES;
				CLANG_WARN_EMPTY_BODY = YES;
				CLANG_WARN_ENUM_CONVERSION = YES;
				CLANG_WARN_INFINITE_RECURSION = YES;
				CLANG_WARN_INT_CONVERSION = YES;
				CLANG_WARN_NON_LITERAL_NULL_CONVERSION = YES;
				CLANG_WARN_OBJC_IMPLICIT_RETAIN_SELF = YES;
				CLANG_WARN_OBJC_LITERAL_CONVERSION = YES;
				CLANG_WARN_OBJC_ROOT_CLASS = YES_ERROR;
				CLANG_WARN_QUOTED_INCLUDE_IN_FRAMEWORK_HEADER = YES;
				CLANG_WARN_RANGE_LOOP_ANALYSIS = YES;
				CLANG_WARN_STRICT_PROTOTYPES = YES;
				CLANG_WARN_SUSPICIOUS_MOVE = YES;
				CLANG_WARN_UNGUARDED_AVAILABILITY = YES_AGGRESSIVE;
				CLANG_WARN_UNREACHABLE_CODE = YES;
				CLANG_WARN__DUPLICATE_METHOD_MATCH = YES;
				COPY_PHASE_STRIP = NO;
				DEBUG_INFORMATION_FORMAT = dwarf;
				ENABLE_STRICT_OBJC_MSGSEND = YES;
				ENABLE_TESTABILITY = YES;
				GCC_C_LANGUAGE_STANDARD = gnu11;
				GCC_DYNAMIC_NO_PIC = NO;
				GCC_NO_COMMON_BLOCKS = YES;
				GCC_OPTIMIZATION_LEVEL = 0;
				GCC_PREPROCESSOR_DEFINITIONS = (
					"DEBUG=1",
					"$(inherited)",
				);
				GCC_WARN_64_TO_32_BIT_CONVERSION = YES;
				GCC_WARN_ABOUT_RETURN_TYPE = YES_ERROR;
				GCC_WARN_UNDECLARED_SELECTOR = YES;
				GCC_WARN_UNINITIALIZED_AUTOS = YES_AGGRESSIVE;
				GCC_WARN_UNUSED_FUNCTION = YES;
				GCC_WARN_UNUSED_VARIABLE = YES;
				IPHONEOS_DEPLOYMENT_TARGET = 14.0;
				MTL_ENABLE_DEBUG_INFO = INCLUDE_SOURCE;
				MTL_FAST_MATH = YES;
				ONLY_ACTIVE_ARCH = YES;
				SDKROOT = iphoneos;
				SWIFT_ACTIVE_COMPILATION_CONDITIONS = DEBUG;
				SWIFT_OPTIMIZATION_LEVEL = "-Onone";
			};
			name = Debug;
		};
		A95F90382515B94E00A73E40 /* Release */ = {
			isa = XCBuildConfiguration;
			buildSettings = {
				ALWAYS_SEARCH_USER_PATHS = NO;
				CLANG_ANALYZER_NONNULL = YES;
				CLANG_ANALYZER_NUMBER_OBJECT_CONVERSION = YES_AGGRESSIVE;
				CLANG_CXX_LANGUAGE_STANDARD = "gnu++14";
				CLANG_CXX_LIBRARY = "libc++";
				CLANG_ENABLE_MODULES = YES;
				CLANG_ENABLE_OBJC_ARC = YES;
				CLANG_ENABLE_OBJC_WEAK = YES;
				CLANG_WARN_BLOCK_CAPTURE_AUTORELEASING = YES;
				CLANG_WARN_BOOL_CONVERSION = YES;
				CLANG_WARN_COMMA = YES;
				CLANG_WARN_CONSTANT_CONVERSION = YES;
				CLANG_WARN_DEPRECATED_OBJC_IMPLEMENTATIONS = YES;
				CLANG_WARN_DIRECT_OBJC_ISA_USAGE = YES_ERROR;
				CLANG_WARN_DOCUMENTATION_COMMENTS = YES;
				CLANG_WARN_EMPTY_BODY = YES;
				CLANG_WARN_ENUM_CONVERSION = YES;
				CLANG_WARN_INFINITE_RECURSION = YES;
				CLANG_WARN_INT_CONVERSION = YES;
				CLANG_WARN_NON_LITERAL_NULL_CONVERSION = YES;
				CLANG_WARN_OBJC_IMPLICIT_RETAIN_SELF = YES;
				CLANG_WARN_OBJC_LITERAL_CONVERSION = YES;
				CLANG_WARN_OBJC_ROOT_CLASS = YES_ERROR;
				CLANG_WARN_QUOTED_INCLUDE_IN_FRAMEWORK_HEADER = YES;
				CLANG_WARN_RANGE_LOOP_ANALYSIS = YES;
				CLANG_WARN_STRICT_PROTOTYPES = YES;
				CLANG_WARN_SUSPICIOUS_MOVE = YES;
				CLANG_WARN_UNGUARDED_AVAILABILITY = YES_AGGRESSIVE;
				CLANG_WARN_UNREACHABLE_CODE = YES;
				CLANG_WARN__DUPLICATE_METHOD_MATCH = YES;
				COPY_PHASE_STRIP = NO;
				DEBUG_INFORMATION_FORMAT = "dwarf-with-dsym";
				ENABLE_NS_ASSERTIONS = NO;
				ENABLE_STRICT_OBJC_MSGSEND = YES;
				GCC_C_LANGUAGE_STANDARD = gnu11;
				GCC_NO_COMMON_BLOCKS = YES;
				GCC_WARN_64_TO_32_BIT_CONVERSION = YES;
				GCC_WARN_ABOUT_RETURN_TYPE = YES_ERROR;
				GCC_WARN_UNDECLARED_SELECTOR = YES;
				GCC_WARN_UNINITIALIZED_AUTOS = YES_AGGRESSIVE;
				GCC_WARN_UNUSED_FUNCTION = YES;
				GCC_WARN_UNUSED_VARIABLE = YES;
				IPHONEOS_DEPLOYMENT_TARGET = 14.0;
				MTL_ENABLE_DEBUG_INFO = NO;
				MTL_FAST_MATH = YES;
				SDKROOT = iphoneos;
				SWIFT_COMPILATION_MODE = wholemodule;
				SWIFT_OPTIMIZATION_LEVEL = "-O";
				VALIDATE_PRODUCT = YES;
			};
			name = Release;
		};
		A95F903A2515B94E00A73E40 /* Debug */ = {
			isa = XCBuildConfiguration;
			buildSettings = {
				ASSETCATALOG_COMPILER_APPICON_NAME = AppIcon;
				ASSETCATALOG_COMPILER_GLOBAL_ACCENT_COLOR_NAME = AccentColor;
				CODE_SIGN_STYLE = Automatic;
				INFOPLIST_FILE = PackPlanner/Info.plist;
				LD_RUNPATH_SEARCH_PATHS = (
					"$(inherited)",
					"@executable_path/Frameworks",
				);
				PRODUCT_BUNDLE_IDENTIFIER = net.anands.PackPlanner;
				PRODUCT_NAME = "$(TARGET_NAME)";
				SWIFT_VERSION = 5.0;
				TARGETED_DEVICE_FAMILY = "1,2";
			};
			name = Debug;
		};
		A95F903B2515B94E00A73E40 /* Release */ = {
			isa = XCBuildConfiguration;
			buildSettings = {
				ASSETCATALOG_COMPILER_APPICON_NAME = AppIcon;
				ASSETCATALOG_COMPILER_GLOBAL_ACCENT_COLOR_NAME = AccentColor;
				CODE_SIGN_STYLE = Automatic;
				INFOPLIST_FILE = PackPlanner/Info.plist;
				LD_RUNPATH_SEARCH_PATHS = (
					"$(inherited)",
					"@executable_path/Frameworks",
				);
				PRODUCT_BUNDLE_IDENTIFIER = net.anands.PackPlanner;
				PRODUCT_NAME = "$(TARGET_NAME)";
				SWIFT_VERSION = 5.0;
				TARGETED_DEVICE_FAMILY = "1,2";
			};
			name = Release;
		};
		A95F903D2515B94E00A73E40 /* Debug */ = {
			isa = XCBuildConfiguration;
			buildSettings = {
				ALWAYS_EMBED_SWIFT_STANDARD_LIBRARIES = YES;
				BUNDLE_LOADER = "$(TEST_HOST)";
				CODE_SIGN_STYLE = Automatic;
				INFOPLIST_FILE = PackPlannerTests/Info.plist;
				IPHONEOS_DEPLOYMENT_TARGET = 14.0;
				LD_RUNPATH_SEARCH_PATHS = (
					"$(inherited)",
					"@executable_path/Frameworks",
					"@loader_path/Frameworks",
				);
				PRODUCT_BUNDLE_IDENTIFIER = net.anands.PackPlannerTests;
				PRODUCT_NAME = "$(TARGET_NAME)";
				SWIFT_VERSION = 5.0;
				TARGETED_DEVICE_FAMILY = "1,2";
				TEST_HOST = "$(BUILT_PRODUCTS_DIR)/PackPlanner.app/PackPlanner";
			};
			name = Debug;
		};
		A95F903E2515B94E00A73E40 /* Release */ = {
			isa = XCBuildConfiguration;
			buildSettings = {
				ALWAYS_EMBED_SWIFT_STANDARD_LIBRARIES = YES;
				BUNDLE_LOADER = "$(TEST_HOST)";
				CODE_SIGN_STYLE = Automatic;
				INFOPLIST_FILE = PackPlannerTests/Info.plist;
				IPHONEOS_DEPLOYMENT_TARGET = 14.0;
				LD_RUNPATH_SEARCH_PATHS = (
					"$(inherited)",
					"@executable_path/Frameworks",
					"@loader_path/Frameworks",
				);
				PRODUCT_BUNDLE_IDENTIFIER = net.anands.PackPlannerTests;
				PRODUCT_NAME = "$(TARGET_NAME)";
				SWIFT_VERSION = 5.0;
				TARGETED_DEVICE_FAMILY = "1,2";
				TEST_HOST = "$(BUILT_PRODUCTS_DIR)/PackPlanner.app/PackPlanner";
			};
			name = Release;
		};
		A95F90402515B94E00A73E40 /* Debug */ = {
			isa = XCBuildConfiguration;
			buildSettings = {
				ALWAYS_EMBED_SWIFT_STANDARD_LIBRARIES = YES;
				CODE_SIGN_STYLE = Automatic;
				INFOPLIST_FILE = PackPlannerUITests/Info.plist;
				LD_RUNPATH_SEARCH_PATHS = (
					"$(inherited)",
					"@executable_path/Frameworks",
					"@loader_path/Frameworks",
				);
				PRODUCT_BUNDLE_IDENTIFIER = net.anands.PackPlannerUITests;
				PRODUCT_NAME = "$(TARGET_NAME)";
				SWIFT_VERSION = 5.0;
				TARGETED_DEVICE_FAMILY = "1,2";
				TEST_TARGET_NAME = PackPlanner;
			};
			name = Debug;
		};
		A95F90412515B94E00A73E40 /* Release */ = {
			isa = XCBuildConfiguration;
			buildSettings = {
				ALWAYS_EMBED_SWIFT_STANDARD_LIBRARIES = YES;
				CODE_SIGN_STYLE = Automatic;
				INFOPLIST_FILE = PackPlannerUITests/Info.plist;
				LD_RUNPATH_SEARCH_PATHS = (
					"$(inherited)",
					"@executable_path/Frameworks",
					"@loader_path/Frameworks",
				);
				PRODUCT_BUNDLE_IDENTIFIER = net.anands.PackPlannerUITests;
				PRODUCT_NAME = "$(TARGET_NAME)";
				SWIFT_VERSION = 5.0;
				TARGETED_DEVICE_FAMILY = "1,2";
				TEST_TARGET_NAME = PackPlanner;
			};
			name = Release;
		};
/* End XCBuildConfiguration section */

/* Begin XCConfigurationList section */
		A95F900A2515B94D00A73E40 /* Build configuration list for PBXProject "PackPlanner" */ = {
			isa = XCConfigurationList;
			buildConfigurations = (
				A95F90372515B94E00A73E40 /* Debug */,
				A95F90382515B94E00A73E40 /* Release */,
			);
			defaultConfigurationIsVisible = 0;
			defaultConfigurationName = Release;
		};
		A95F90392515B94E00A73E40 /* Build configuration list for PBXNativeTarget "PackPlanner" */ = {
			isa = XCConfigurationList;
			buildConfigurations = (
				A95F903A2515B94E00A73E40 /* Debug */,
				A95F903B2515B94E00A73E40 /* Release */,
			);
			defaultConfigurationIsVisible = 0;
			defaultConfigurationName = Release;
		};
		A95F903C2515B94E00A73E40 /* Build configuration list for PBXNativeTarget "PackPlannerTests" */ = {
			isa = XCConfigurationList;
			buildConfigurations = (
				A95F903D2515B94E00A73E40 /* Debug */,
				A95F903E2515B94E00A73E40 /* Release */,
			);
			defaultConfigurationIsVisible = 0;
			defaultConfigurationName = Release;
		};
		A95F903F2515B94E00A73E40 /* Build configuration list for PBXNativeTarget "PackPlannerUITests" */ = {
			isa = XCConfigurationList;
			buildConfigurations = (
				A95F90402515B94E00A73E40 /* Debug */,
				A95F90412515B94E00A73E40 /* Release */,
			);
			defaultConfigurationIsVisible = 0;
			defaultConfigurationName = Release;
		};
/* End XCConfigurationList section */
	};
	rootObject = A95F90072515B94D00A73E40 /* Project object */;
}
